
Microsoft Visual Studio Solution File, Format Version 12.00
# Visual Studio 15
VisualStudioVersion = 15.0.28307.1267
MinimumVisualStudioVersion = 10.0.40219.1
Project("{FAE04EC0-301F-11D3-BF4B-00C04F79EFBC}") = "Client", "Examples\Client.csproj", "{63C685AC-31A8-4A75-B7D6-368028E30E3F}"
EndProject
Project("{FAE04EC0-301F-11D3-BF4B-00C04F79EFBC}") = "SavingsAccount", "SavingsAccount\SavingsAccount.csproj", "{2C136A64-3AAB-4E45-8A98-E5083D758B71}"
EndProject
Project("{FAE04EC0-301F-11D3-BF4B-00C04F79EFBC}") = "LightBulb", "LightBulb\LightBulb.csproj", "{B9E57C4A-E3FA-445F-9CF5-EC8C25CB9D44}"
EndProject
Project("{FAE04EC0-301F-11D3-BF4B-00C04F79EFBC}") = "Duck", "Duck\Duck.csproj", "{6A7AD3CD-8A06-4274-BE95-FB34ED8469EA}"
EndProject
Global
	GlobalSection(SolutionConfigurationPlatforms) = preSolution
		Debug|Any CPU = Debug|Any CPU
		Release|Any CPU = Release|Any CPU
	EndGlobalSection
	GlobalSection(ProjectConfigurationPlatforms) = postSolution
		{63C685AC-31A8-4A75-B7D6-368028E30E3F}.Debug|Any CPU.ActiveCfg = Debug|Any CPU
		{63C685AC-31A8-4A75-B7D6-368028E30E3F}.Debug|Any CPU.Build.0 = Debug|Any CPU
		{63C685AC-31A8-4A75-B7D6-368028E30E3F}.Release|Any CPU.ActiveCfg = Release|Any CPU
		{63C685AC-31A8-4A75-B7D6-368028E30E3F}.Release|Any CPU.Build.0 = Release|Any CPU
		{2C136A64-3AAB-4E45-8A98-E5083D758B71}.Debug|Any CPU.ActiveCfg = Debug|Any CPU
		{2C136A64-3AAB-4E45-8A98-E5083D758B71}.Debug|Any CPU.Build.0 = Debug|Any CPU
		{2C136A64-3AAB-4E45-8A98-E5083D758B71}.Release|Any CPU.ActiveCfg = Release|Any CPU
		{2C136A64-3AAB-4E45-8A98-E5083D758B71}.Release|Any CPU.Build.0 = Release|Any CPU
		{B9E57C4A-E3FA-445F-9CF5-EC8C25CB9D44}.Debug|Any CPU.ActiveCfg = Debug|Any CPU
		{B9E57C4A-E3FA-445F-9CF5-EC8C25CB9D44}.Debug|Any CPU.Build.0 = Debug|Any CPU
		{B9E57C4A-E3FA-445F-9CF5-EC8C25CB9D44}.Release|Any CPU.ActiveCfg = Release|Any CPU
		{B9E57C4A-E3FA-445F-9CF5-EC8C25CB9D44}.Release|Any CPU.Build.0 = Release|Any CPU
		{6A7AD3CD-8A06-4274-BE95-FB34ED8469EA}.Debug|Any CPU.ActiveCfg = Debug|Any CPU
		{6A7AD3CD-8A06-4274-BE95-FB34ED8469EA}.Debug|Any CPU.Build.0 = Debug|Any CPU
		{6A7AD3CD-8A06-4274-BE95-FB34ED8469EA}.Release|Any CPU.ActiveCfg = Release|Any CPU
		{6A7AD3CD-8A06-4274-BE95-FB34ED8469EA}.Release|Any CPU.Build.0 = Release|Any CPU
	EndGlobalSection
	GlobalSection(SolutionProperties) = preSolution
		HideSolutionNode = FALSE
	EndGlobalSection
	GlobalSection(ExtensibilityGlobals) = postSolution
		SolutionGuid = {E2EF9D36-24D6-40B7-8008-312A7443248C}
	EndGlobalSection
EndGlobal
